// !$*UTF8*$!
{
	archiveVersion = 1;
	classes = {
	};
	objectVersion = 46;
	objects = {

/* Begin PBXBuildFile section */
		03E7951317C60E3C00F87FF5 /* UIKit.framework in Frameworks */ = {isa = PBXBuildFile; fileRef = 03E7951217C60E3C00F87FF5 /* UIKit.framework */; };
		03E7951517C60E3C00F87FF5 /* Foundation.framework in Frameworks */ = {isa = PBXBuildFile; fileRef = 03E7951417C60E3C00F87FF5 /* Foundation.framework */; };
		03E7951717C60E3C00F87FF5 /* CoreGraphics.framework in Frameworks */ = {isa = PBXBuildFile; fileRef = 03E7951617C60E3C00F87FF5 /* CoreGraphics.framework */; };
		03E7951D17C60E3C00F87FF5 /* InfoPlist.strings in Resources */ = {isa = PBXBuildFile; fileRef = 03E7951B17C60E3C00F87FF5 /* InfoPlist.strings */; };
		03E7951F17C60E3C00F87FF5 /* main.m in Sources */ = {isa = PBXBuildFile; fileRef = 03E7951E17C60E3C00F87FF5 /* main.m */; };
		03E7952317C60E3C00F87FF5 /* AppDelegate.m in Sources */ = {isa = PBXBuildFile; fileRef = 03E7952217C60E3C00F87FF5 /* AppDelegate.m */; };
		03E7952517C60E3C00F87FF5 /* Default.png in Resources */ = {isa = PBXBuildFile; fileRef = 03E7952417C60E3C00F87FF5 /* Default.png */; };
		03E7952717C60E3C00F87FF5 /* Default@2x.png in Resources */ = {isa = PBXBuildFile; fileRef = 03E7952617C60E3C00F87FF5 /* Default@2x.png */; };
		03E7952917C60E3C00F87FF5 /* Default-568h@2x.png in Resources */ = {isa = PBXBuildFile; fileRef = 03E7952817C60E3C00F87FF5 /* Default-568h@2x.png */; };
		03E7953017C60E5600F87FF5 /* OpenGLES.framework in Frameworks */ = {isa = PBXBuildFile; fileRef = 03E7952F17C60E5600F87FF5 /* OpenGLES.framework */; };
		03E7953217C60E6600F87FF5 /* QuartzCore.framework in Frameworks */ = {isa = PBXBuildFile; fileRef = 03E7953117C60E6600F87FF5 /* QuartzCore.framework */; };
		03E7953417C60EBA00F87FF5 /* MainWindow.xib in Resources */ = {isa = PBXBuildFile; fileRef = 03E7953317C60EBA00F87FF5 /* MainWindow.xib */; };
		03E7953717C60FB400F87FF5 /* OpenGLView.m in Sources */ = {isa = PBXBuildFile; fileRef = 03E7953617C60FB300F87FF5 /* OpenGLView.m */; };
		03E7953A17C61AC700F87FF5 /* GLESUtils.m in Sources */ = {isa = PBXBuildFile; fileRef = 03E7953917C61AC700F87FF5 /* GLESUtils.m */; };
		03E7953C17C61C1A00F87FF5 /* VertexShader.glsl in Resources */ = {isa = PBXBuildFile; fileRef = 03E7953B17C61BE500F87FF5 /* VertexShader.glsl */; };
		03E7953E17C61C5E00F87FF5 /* FragmentShader.glsl in Resources */ = {isa = PBXBuildFile; fileRef = 03E7953D17C61C4700F87FF5 /* FragmentShader.glsl */; };
/* End PBXBuildFile section */

/* Begin PBXFileReference section */
		03E7950F17C60E3C00F87FF5 /* Tutorial01.app */ = {isa = PBXFileReference; explicitFileType = wrapper.application; includeInIndex = 0; path = Tutorial01.app; sourceTree = BUILT_PRODUCTS_DIR; };
		03E7951217C60E3C00F87FF5 /* UIKit.framework */ = {isa = PBXFileReference; lastKnownFileType = wrapper.framework; name = UIKit.framework; path = System/Library/Frameworks/UIKit.framework; sourceTree = SDKROOT; };
		03E7951417C60E3C00F87FF5 /* Foundation.framework */ = {isa = PBXFileReference; lastKnownFileType = wrapper.framework; name = Foundation.framework; path = System/Library/Frameworks/Foundation.framework; sourceTree = SDKROOT; };
		03E7951617C60E3C00F87FF5 /* CoreGraphics.framework */ = {isa = PBXFileReference; lastKnownFileType = wrapper.framework; name = CoreGraphics.framework; path = System/Library/Frameworks/CoreGraphics.framework; sourceTree = SDKROOT; };
		03E7951A17C60E3C00F87FF5 /* Tutorial01-Info.plist */ = {isa = PBXFileReference; lastKnownFileType = text.plist.xml; path = "Tutorial01-Info.plist"; sourceTree = "<group>"; };
		03E7951C17C60E3C00F87FF5 /* en */ = {isa = PBXFileReference; lastKnownFileType = text.plist.strings; name = en; path = en.lproj/InfoPlist.strings; sourceTree = "<group>"; };
		03E7951E17C60E3C00F87FF5 /* main.m */ = {isa = PBXFileReference; lastKnownFileType = sourcecode.c.objc; path = main.m; sourceTree = "<group>"; };
		03E7952017C60E3C00F87FF5 /* Tutorial01-Prefix.pch */ = {isa = PBXFileReference; lastKnownFileType = sourcecode.c.h; path = "Tutorial01-Prefix.pch"; sourceTree = "<group>"; };
		03E7952117C60E3C00F87FF5 /* AppDelegate.h */ = {isa = PBXFileReference; lastKnownFileType = sourcecode.c.h; path = AppDelegate.h; sourceTree = "<group>"; };
		03E7952217C60E3C00F87FF5 /* AppDelegate.m */ = {isa = PBXFileReference; lastKnownFileType = sourcecode.c.objc; path = AppDelegate.m; sourceTree = "<group>"; };
		03E7952417C60E3C00F87FF5 /* Default.png */ = {isa = PBXFileReference; lastKnownFileType = image.png; path = Default.png; sourceTree = "<group>"; };
		03E7952617C60E3C00F87FF5 /* Default@2x.png */ = {isa = PBXFileReference; lastKnownFileType = image.png; path = "Default@2x.png"; sourceTree = "<group>"; };
		03E7952817C60E3C00F87FF5 /* Default-568h@2x.png */ = {isa = PBXFileReference; lastKnownFileType = image.png; path = "Default-568h@2x.png"; sourceTree = "<group>"; };
		03E7952F17C60E5600F87FF5 /* OpenGLES.framework */ = {isa = PBXFileReference; lastKnownFileType = wrapper.framework; name = OpenGLES.framework; path = System/Library/Frameworks/OpenGLES.framework; sourceTree = SDKROOT; };
		03E7953117C60E6600F87FF5 /* QuartzCore.framework */ = {isa = PBXFileReference; lastKnownFileType = wrapper.framework; name = QuartzCore.framework; path = System/Library/Frameworks/QuartzCore.framework; sourceTree = SDKROOT; };
		03E7953317C60EBA00F87FF5 /* MainWindow.xib */ = {isa = PBXFileReference; fileEncoding = 4; lastKnownFileType = file.xib; path = MainWindow.xib; sourceTree = "<group>"; };
		03E7953517C60FB300F87FF5 /* OpenGLView.h */ = {isa = PBXFileReference; fileEncoding = 4; lastKnownFileType = sourcecode.c.h; path = OpenGLView.h; sourceTree = "<group>"; };
		03E7953617C60FB300F87FF5 /* OpenGLView.m */ = {isa = PBXFileReference; fileEncoding = 4; lastKnownFileType = sourcecode.c.objc; path = OpenGLView.m; sourceTree = "<group>"; };
		03E7953817C61AC700F87FF5 /* GLESUtils.h */ = {isa = PBXFileReference; fileEncoding = 4; lastKnownFileType = sourcecode.c.h; path = GLESUtils.h; sourceTree = "<group>"; };
		03E7953917C61AC700F87FF5 /* GLESUtils.m */ = {isa = PBXFileReference; fileEncoding = 4; lastKnownFileType = sourcecode.c.objc; path = GLESUtils.m; sourceTree = "<group>"; };
		03E7953B17C61BE500F87FF5 /* VertexShader.glsl */ = {isa = PBXFileReference; lastKnownFileType = text; path = VertexShader.glsl; sourceTree = "<group>"; };
		03E7953D17C61C4700F87FF5 /* FragmentShader.glsl */ = {isa = PBXFileReference; lastKnownFileType = text; path = FragmentShader.glsl; sourceTree = "<group>"; };
/* End PBXFileReference section */

/* Begin PBXFrameworksBuildPhase section */
		03E7950C17C60E3C00F87FF5 /* Frameworks */ = {
			isa = PBXFrameworksBuildPhase;
			buildActionMask = 2147483647;
			files = (
				03E7953217C60E6600F87FF5 /* QuartzCore.framework in Frameworks */,
				03E7953017C60E5600F87FF5 /* OpenGLES.framework in Frameworks */,
				03E7951317C60E3C00F87FF5 /* UIKit.framework in Frameworks */,
				03E7951517C60E3C00F87FF5 /* Foundation.framework in Frameworks */,
				03E7951717C60E3C00F87FF5 /* CoreGraphics.framework in Frameworks */,
			);
			runOnlyForDeploymentPostprocessing = 0;
		};
/* End PBXFrameworksBuildPhase section */

/* Begin PBXGroup section */
		03E7950617C60E3C00F87FF5 = {
			isa = PBXGroup;
			children = (
				03E7953117C60E6600F87FF5 /* QuartzCore.framework */,
				03E7952F17C60E5600F87FF5 /* OpenGLES.framework */,
				03E7951817C60E3C00F87FF5 /* Tutorial01 */,
				03E7951117C60E3C00F87FF5 /* Frameworks */,
				03E7951017C60E3C00F87FF5 /* Products */,
			);
			sourceTree = "<group>";
		};
		03E7951017C60E3C00F87FF5 /* Products */ = {
			isa = PBXGroup;
			children = (
				03E7950F17C60E3C00F87FF5 /* Tutorial01.app */,
			);
			name = Products;
			sourceTree = "<group>";
		};
		03E7951117C60E3C00F87FF5 /* Frameworks */ = {
			isa = PBXGroup;
			children = (
				03E7951217C60E3C00F87FF5 /* UIKit.framework */,
				03E7951417C60E3C00F87FF5 /* Foundation.framework */,
				03E7951617C60E3C00F87FF5 /* CoreGraphics.framework */,
			);
			name = Frameworks;
			sourceTree = "<group>";
		};
		03E7951817C60E3C00F87FF5 /* Tutorial01 */ = {
			isa = PBXGroup;
			children = (
				03E7952117C60E3C00F87FF5 /* AppDelegate.h */,
				03E7952217C60E3C00F87FF5 /* AppDelegate.m */,
				03E7953517C60FB300F87FF5 /* OpenGLView.h */,
				03E7953617C60FB300F87FF5 /* OpenGLView.m */,
				03E7953817C61AC700F87FF5 /* GLESUtils.h */,
				03E7953917C61AC700F87FF5 /* GLESUtils.m */,
				03E7953B17C61BE500F87FF5 /* VertexShader.glsl */,
				03E7953D17C61C4700F87FF5 /* FragmentShader.glsl */,
				03E7951917C60E3C00F87FF5 /* Supporting Files */,
			);
			path = Tutorial01;
			sourceTree = "<group>";
		};
		03E7951917C60E3C00F87FF5 /* Supporting Files */ = {
			isa = PBXGroup;
			children = (
				03E7951A17C60E3C00F87FF5 /* Tutorial01-Info.plist */,
				03E7951B17C60E3C00F87FF5 /* InfoPlist.strings */,
				03E7951E17C60E3C00F87FF5 /* main.m */,
				03E7952017C60E3C00F87FF5 /* Tutorial01-Prefix.pch */,
				03E7952417C60E3C00F87FF5 /* Default.png */,
				03E7952617C60E3C00F87FF5 /* Default@2x.png */,
				03E7952817C60E3C00F87FF5 /* Default-568h@2x.png */,
				03E7953317C60EBA00F87FF5 /* MainWindow.xib */,
			);
			name = "Supporting Files";
			sourceTree = "<group>";
		};
/* End PBXGroup section */

/* Begin PBXNativeTarget section */
		03E7950E17C60E3C00F87FF5 /* Tutorial01 */ = {
			isa = PBXNativeTarget;
			buildConfigurationList = 03E7952C17C60E3C00F87FF5 /* Build configuration list for PBXNativeTarget "Tutorial01" */;
			buildPhases = (
				03E7950B17C60E3C00F87FF5 /* Sources */,
				03E7950C17C60E3C00F87FF5 /* Frameworks */,
				03E7950D17C60E3C00F87FF5 /* Resources */,
			);
			buildRules = (
			);
			dependencies = (
			);
			name = Tutorial01;
			productName = Tutorial01;
			productReference = 03E7950F17C60E3C00F87FF5 /* Tutorial01.app */;
			productType = "com.apple.product-type.application";
		};
/* End PBXNativeTarget section */

/* Begin PBXProject section */
		03E7950717C60E3C00F87FF5 /* Project object */ = {
			isa = PBXProject;
			attributes = {
				LastUpgradeCheck = 0460;
				ORGANIZATIONNAME = com.redianying;
			};
			buildConfigurationList = 03E7950A17C60E3C00F87FF5 /* Build configuration list for PBXProject "Tutorial01" */;
			compatibilityVersion = "Xcode 3.2";
			developmentRegion = English;
			hasScannedForEncodings = 0;
			knownRegions = (
				en,
			);
			mainGroup = 03E7950617C60E3C00F87FF5;
			productRefGroup = 03E7951017C60E3C00F87FF5 /* Products */;
			projectDirPath = "";
			projectRoot = "";
			targets = (
				03E7950E17C60E3C00F87FF5 /* Tutorial01 */,
			);
		};
/* End PBXProject section */

/* Begin PBXResourcesBuildPhase section */
		03E7950D17C60E3C00F87FF5 /* Resources */ = {
			isa = PBXResourcesBuildPhase;
			buildActionMask = 2147483647;
			files = (
				03E7953E17C61C5E00F87FF5 /* FragmentShader.glsl in Resources */,
				03E7953C17C61C1A00F87FF5 /* VertexShader.glsl in Resources */,
				03E7951D17C60E3C00F87FF5 /* InfoPlist.strings in Resources */,
				03E7952517C60E3C00F87FF5 /* Default.png in Resources */,
				03E7952717C60E3C00F87FF5 /* Default@2x.png in Resources */,
				03E7952917C60E3C00F87FF5 /* Default-568h@2x.png in Resources */,
				03E7953417C60EBA00F87FF5 /* MainWindow.xib in Resources */,
			);
			runOnlyForDeploymentPostprocessing = 0;
		};
/* End PBXResourcesBuildPhase section */

/* Begin PBXSourcesBuildPhase section */
		03E7950B17C60E3C00F87FF5 /* Sources */ = {
			isa = PBXSourcesBuildPhase;
			buildActionMask = 2147483647;
			files = (
				03E7951F17C60E3C00F87FF5 /* main.m in Sources */,
				03E7952317C60E3C00F87FF5 /* AppDelegate.m in Sources */,
				03E7953717C60FB400F87FF5 /* OpenGLView.m in Sources */,
				03E7953A17C61AC700F87FF5 /* GLESUtils.m in Sources */,
			);
			runOnlyForDeploymentPostprocessing = 0;
		};
/* End PBXSourcesBuildPhase section */

/* Begin PBXVariantGroup section */
		03E7951B17C60E3C00F87FF5 /* InfoPlist.strings */ = {
			isa = PBXVariantGroup;
			children = (
				03E7951C17C60E3C00F87FF5 /* en */,
			);
			name = InfoPlist.strings;
			sourceTree = "<group>";
		};
/* End PBXVariantGroup section */

/* Begin XCBuildConfiguration section */
		03E7952A17C60E3C00F87FF5 /* Debug */ = {
			isa = XCBuildConfiguration;
			buildSettings = {
				ALWAYS_SEARCH_USER_PATHS = NO;
				CLANG_CXX_LANGUAGE_STANDARD = "gnu++0x";
				CLANG_CXX_LIBRARY = "libc++";
				CLANG_ENABLE_OBJC_ARC = YES;
				CLANG_WARN_CONSTANT_CONVERSION = YES;
				CLANG_WARN_EMPTY_BODY = YES;
				CLANG_WARN_ENUM_CONVERSION = YES;
				CLANG_WARN_INT_CONVERSION = YES;
				CLANG_WARN__DUPLICATE_METHOD_MATCH = YES;
				"CODE_SIGN_IDENTITY[sdk=iphoneos*]" = "iPhone Developer";
				COPY_PHASE_STRIP = NO;
				GCC_C_LANGUAGE_STANDARD = gnu99;
				GCC_DYNAMIC_NO_PIC = NO;
				GCC_OPTIMIZATION_LEVEL = 0;
				GCC_PREPROCESSOR_DEFINITIONS = (
					"DEBUG=1",
					"$(inherited)",
				);
				GCC_SYMBOLS_PRIVATE_EXTERN = NO;
				GCC_WARN_ABOUT_RETURN_TYPE = YES;
				GCC_WARN_UNINITIALIZED_AUTOS = YES;
				GCC_WARN_UNUSED_VARIABLE = YES;
				IPHONEOS_DEPLOYMENT_TARGET = 6.1;
				ONLY_ACTIVE_ARCH = YES;
				SDKROOT = iphoneos;
			};
			name = Debug;
		};
		03E7952B17C60E3C00F87FF5 /* Release */ = {
			isa = XCBuildConfiguration;
			buildSettings = {
				ALWAYS_SEARCH_USER_PATHS = NO;
				CLANG_CXX_LANGUAGE_STANDARD = "gnu++0x";
				CLANG_CXX_LIBRARY = "libc++";
				CLANG_ENABLE_OBJC_ARC = YES;
				CLANG_WARN_CONSTANT_CONVERSION = YES;
				CLANG_WARN_EMPTY_BODY = YES;
				CLANG_WARN_ENUM_CONVERSION = YES;
				CLANG_WARN_INT_CONVERSION = YES;
				CLANG_WARN__DUPLICATE_METHOD_MATCH = YES;
				"CODE_SIGN_IDENTITY[sdk=iphoneos*]" = "iPhone Developer";
				COPY_PHASE_STRIP = YES;
				GCC_C_LANGUAGE_STANDARD = gnu99;
				GCC_WARN_ABOUT_RETURN_TYPE = YES;
				GCC_WARN_UNINITIALIZED_AUTOS = YES;
				GCC_WARN_UNUSED_VARIABLE = YES;
				IPHONEOS_DEPLOYMENT_TARGET = 6.1;
				OTHER_CFLAGS = "-DNS_BLOCK_ASSERTIONS=1";
				SDKROOT = iphoneos;
				VALIDATE_PRODUCT = YES;
			};
			name = Release;
		};
		03E7952D17C60E3C00F87FF5 /* Debug */ = {
			isa = XCBuildConfiguration;
			buildSettings = {
				GCC_PRECOMPILE_PREFIX_HEADER = YES;
				GCC_PREFIX_HEADER = "Tutorial01/Tutorial01-Prefix.pch";
				INFOPLIST_FILE = "Tutorial01/Tutorial01-Info.plist";
				PRODUCT_NAME = "$(TARGET_NAME)";
				WRAPPER_EXTENSION = app;
			};
			name = Debug;
		};
		03E7952E17C60E3C00F87FF5 /* Release */ = {
			isa = XCBuildConfiguration;
			buildSettings = {
				GCC_PRECOMPILE_PREFIX_HEADER = YES;
				GCC_PREFIX_HEADER = "Tutorial01/Tutorial01-Prefix.pch";
				INFOPLIST_FILE = "Tutorial01/Tutorial01-Info.plist";
				PRODUCT_NAME = "$(TARGET_NAME)";
				WRAPPER_EXTENSION = app;
			};
			name = Release;
		};
/* End XCBuildConfiguration section */

/* Begin XCConfigurationList section */
		03E7950A17C60E3C00F87FF5 /* Build configuration list for PBXProject "Tutorial01" */ = {
			isa = XCConfigurationList;
			buildConfigurations = (
				03E7952A17C60E3C00F87FF5 /* Debug */,
				03E7952B17C60E3C00F87FF5 /* Release */,
			);
			defaultConfigurationIsVisible = 0;
			defaultConfigurationName = Release;
		};
		03E7952C17C60E3C00F87FF5 /* Build configuration list for PBXNativeTarget "Tutorial01" */ = {
			isa = XCConfigurationList;
			buildConfigurations = (
				03E7952D17C60E3C00F87FF5 /* Debug */,
				03E7952E17C60E3C00F87FF5 /* Release */,
			);
			defaultConfigurationIsVisible = 0;
			defaultConfigurationName = Release;
		};
/* End XCConfigurationList section */
	};
	rootObject = 03E7950717C60E3C00F87FF5 /* Project object */;
}
